
Microsoft Visual Studio Solution File, Format Version 12.00
# Visual Studio 2012
Project("{D954291E-2A0B-460D-934E-DC6B0785DB48}") = "summitapp", "summitapp\summitapp.shproj", "{B4B4A7BB-3932-4229-AF10-72EEAE18D4AF}"
EndProject
Project("{FAE04EC0-301F-11D3-BF4B-00C04F79EFBC}") = "summitapp.iOS", "iOS\summitapp.iOS.csproj", "{338CE3F9-ED72-46C7-BD3A-CCF52B07C365}"
EndProject
Project("{FAE04EC0-301F-11D3-BF4B-00C04F79EFBC}") = "summitapp.Droid", "Droid\summitapp.Droid.csproj", "{F230FDBF-02A0-43F5-A52B-53DE9DDD9F75}"
EndProject
Project("{FAE04EC0-301F-11D3-BF4B-00C04F79EFBC}") = "summitapp.UITests", "UITests\summitapp.UITests.csproj", "{3CC00967-9DA9-4FF1-98D6-94FC158E2C62}"
EndProject
Project("{FAE04EC0-301F-11D3-BF4B-00C04F79EFBC}") = "summitapp.MobileAppService", "MobileAppService\summitapp.MobileAppService.csproj", "{55607DB4-DD81-4489-BFCF-5CC1F69C4928}"
EndProject
Global
	GlobalSection(SolutionConfigurationPlatforms) = preSolution
		Debug|iPhoneSimulator = Debug|iPhoneSimulator
		Release|iPhone = Release|iPhone
		Release|iPhoneSimulator = Release|iPhoneSimulator
		Debug|iPhone = Debug|iPhone
		Debug|Any CPU = Debug|Any CPU
		Release|Any CPU = Release|Any CPU
	EndGlobalSection
	GlobalSection(ProjectConfigurationPlatforms) = postSolution
		{338CE3F9-ED72-46C7-BD3A-CCF52B07C365}.Debug|iPhoneSimulator.ActiveCfg = Debug|iPhoneSimulator
		{338CE3F9-ED72-46C7-BD3A-CCF52B07C365}.Debug|iPhoneSimulator.Build.0 = Debug|iPhoneSimulator
		{338CE3F9-ED72-46C7-BD3A-CCF52B07C365}.Release|iPhone.ActiveCfg = Release|iPhone
		{338CE3F9-ED72-46C7-BD3A-CCF52B07C365}.Release|iPhone.Build.0 = Release|iPhone
		{338CE3F9-ED72-46C7-BD3A-CCF52B07C365}.Release|iPhoneSimulator.ActiveCfg = Release|iPhoneSimulator
		{338CE3F9-ED72-46C7-BD3A-CCF52B07C365}.Release|iPhoneSimulator.Build.0 = Release|iPhoneSimulator
		{338CE3F9-ED72-46C7-BD3A-CCF52B07C365}.Debug|iPhone.ActiveCfg = Debug|iPhone
		{338CE3F9-ED72-46C7-BD3A-CCF52B07C365}.Debug|iPhone.Build.0 = Debug|iPhone
		{338CE3F9-ED72-46C7-BD3A-CCF52B07C365}.Debug|Any CPU.ActiveCfg = Debug|iPhoneSimulator
		{338CE3F9-ED72-46C7-BD3A-CCF52B07C365}.Debug|Any CPU.Build.0 = Debug|iPhoneSimulator
		{338CE3F9-ED72-46C7-BD3A-CCF52B07C365}.Release|Any CPU.ActiveCfg = Release|iPhone
		{338CE3F9-ED72-46C7-BD3A-CCF52B07C365}.Release|Any CPU.Build.0 = Release|iPhone
		{F230FDBF-02A0-43F5-A52B-53DE9DDD9F75}.Debug|iPhoneSimulator.ActiveCfg = Debug|Any CPU
		{F230FDBF-02A0-43F5-A52B-53DE9DDD9F75}.Debug|iPhoneSimulator.Build.0 = Debug|Any CPU
		{F230FDBF-02A0-43F5-A52B-53DE9DDD9F75}.Release|iPhone.ActiveCfg = Release|Any CPU
		{F230FDBF-02A0-43F5-A52B-53DE9DDD9F75}.Release|iPhone.Build.0 = Release|Any CPU
		{F230FDBF-02A0-43F5-A52B-53DE9DDD9F75}.Release|iPhoneSimulator.ActiveCfg = Release|Any CPU
		{F230FDBF-02A0-43F5-A52B-53DE9DDD9F75}.Release|iPhoneSimulator.Build.0 = Release|Any CPU
		{F230FDBF-02A0-43F5-A52B-53DE9DDD9F75}.Debug|iPhone.ActiveCfg = Debug|Any CPU
		{F230FDBF-02A0-43F5-A52B-53DE9DDD9F75}.Debug|iPhone.Build.0 = Debug|Any CPU
		{F230FDBF-02A0-43F5-A52B-53DE9DDD9F75}.Debug|Any CPU.ActiveCfg = Debug|Any CPU
		{F230FDBF-02A0-43F5-A52B-53DE9DDD9F75}.Debug|Any CPU.Build.0 = Debug|Any CPU
		{F230FDBF-02A0-43F5-A52B-53DE9DDD9F75}.Release|Any CPU.ActiveCfg = Release|Any CPU
		{F230FDBF-02A0-43F5-A52B-53DE9DDD9F75}.Release|Any CPU.Build.0 = Release|Any CPU
		{3CC00967-9DA9-4FF1-98D6-94FC158E2C62}.Debug|iPhoneSimulator.ActiveCfg = Debug|Any CPU
		{3CC00967-9DA9-4FF1-98D6-94FC158E2C62}.Debug|iPhoneSimulator.Build.0 = Debug|Any CPU
		{3CC00967-9DA9-4FF1-98D6-94FC158E2C62}.Release|iPhone.ActiveCfg = Release|Any CPU
		{3CC00967-9DA9-4FF1-98D6-94FC158E2C62}.Release|iPhone.Build.0 = Release|Any CPU
		{3CC00967-9DA9-4FF1-98D6-94FC158E2C62}.Release|iPhoneSimulator.ActiveCfg = Release|Any CPU
		{3CC00967-9DA9-4FF1-98D6-94FC158E2C62}.Release|iPhoneSimulator.Build.0 = Release|Any CPU
		{3CC00967-9DA9-4FF1-98D6-94FC158E2C62}.Debug|iPhone.ActiveCfg = Debug|Any CPU
		{3CC00967-9DA9-4FF1-98D6-94FC158E2C62}.Debug|iPhone.Build.0 = Debug|Any CPU
		{3CC00967-9DA9-4FF1-98D6-94FC158E2C62}.Debug|Any CPU.ActiveCfg = Debug|Any CPU
		{3CC00967-9DA9-4FF1-98D6-94FC158E2C62}.Debug|Any CPU.Build.0 = Debug|Any CPU
		{3CC00967-9DA9-4FF1-98D6-94FC158E2C62}.Release|Any CPU.ActiveCfg = Release|Any CPU
		{3CC00967-9DA9-4FF1-98D6-94FC158E2C62}.Release|Any CPU.Build.0 = Release|Any CPU
		{55607DB4-DD81-4489-BFCF-5CC1F69C4928}.Debug|iPhoneSimulator.ActiveCfg = Debug|Any CPU
		{55607DB4-DD81-4489-BFCF-5CC1F69C4928}.Debug|iPhoneSimulator.Build.0 = Debug|Any CPU
		{55607DB4-DD81-4489-BFCF-5CC1F69C4928}.Release|iPhone.ActiveCfg = Release|Any CPU
		{55607DB4-DD81-4489-BFCF-5CC1F69C4928}.Release|iPhone.Build.0 = Release|Any CPU
		{55607DB4-DD81-4489-BFCF-5CC1F69C4928}.Release|iPhoneSimulator.ActiveCfg = Release|Any CPU
		{55607DB4-DD81-4489-BFCF-5CC1F69C4928}.Release|iPhoneSimulator.Build.0 = Release|Any CPU
		{55607DB4-DD81-4489-BFCF-5CC1F69C4928}.Debug|iPhone.ActiveCfg = Debug|Any CPU
		{55607DB4-DD81-4489-BFCF-5CC1F69C4928}.Debug|iPhone.Build.0 = Debug|Any CPU
		{55607DB4-DD81-4489-BFCF-5CC1F69C4928}.Debug|Any CPU.ActiveCfg = Debug|Any CPU
		{55607DB4-DD81-4489-BFCF-5CC1F69C4928}.Debug|Any CPU.Build.0 = Debug|Any CPU
		{55607DB4-DD81-4489-BFCF-5CC1F69C4928}.Release|Any CPU.ActiveCfg = Release|Any CPU
		{55607DB4-DD81-4489-BFCF-5CC1F69C4928}.Release|Any CPU.Build.0 = Release|Any CPU
	EndGlobalSection
EndGlobal
